
Microsoft Visual Studio Solution File, Format Version 12.00
# Visual Studio Version 17
VisualStudioVersion = 17.5.33502.453
MinimumVisualStudioVersion = 10.0.40219.1
Project("{FAE04EC0-301F-11D3-BF4B-00C04F79EFBC}") = "Menu", "Menu\Menu.csproj", "{CCE4533B-83CC-4676-8CA0-C5642930440E}"
EndProject
Global
	GlobalSection(SolutionConfigurationPlatforms) = preSolution
		Debug|Any CPU = Debug|Any CPU
		Release|Any CPU = Release|Any CPU
	EndGlobalSection
	GlobalSection(ProjectConfigurationPlatforms) = postSolution
		{CCE4533B-83CC-4676-8CA0-C5642930440E}.Debug|Any CPU.ActiveCfg = Debug|Any CPU
		{CCE4533B-83CC-4676-8CA0-C5642930440E}.Debug|Any CPU.Build.0 = Debug|Any CPU
		{CCE4533B-83CC-4676-8CA0-C5642930440E}.Release|Any CPU.ActiveCfg = Release|Any CPU
		{CCE4533B-83CC-4676-8CA0-C5642930440E}.Release|Any CPU.Build.0 = Release|Any CPU
	EndGlobalSection
	GlobalSection(SolutionProperties) = preSolution
		HideSolutionNode = FALSE
	EndGlobalSection
	GlobalSection(ExtensibilityGlobals) = postSolution
		SolutionGuid = {EDC49EC9-1CB9-4A3F-BB68-8E197A1E7794}
	EndGlobalSection
EndGlobal
